{
  "name": "@sonolus/free-pack",
  "version": "1.1.4",
  "lockfileVersion": 3,
  "requires": true,
  "packages": {
    "": {
      "name": "@sonolus/free-pack",
      "version": "1.1.4",
      "license": "MIT",
      "devDependencies": {
        "@sonolus/generate-static": "~5.4.5",
        "@sonolus/pack": "~5.4.5"
      }
    },
    "node_modules/@sinclair/typebox": {
      "version": "0.33.7",
      "resolved": "https://registry.npmjs.org/@sinclair/typebox/-/typebox-0.33.7.tgz",
      "integrity": "sha512-et38XPs6GMoB6XugH+Spp/HRv5gHYffw7rXC3caen/dIKC7Q6sqs6eEH9Yd9UKziUkOQdrLr9OXUULAc+pRMng==",
      "dev": true
    },
    "node_modules/@sonolus/core": {
      "version": "7.9.0",
      "resolved": "https://registry.npmjs.org/@sonolus/core/-/core-7.9.0.tgz",
      "integrity": "sha512-szVeLgfpKWyAUqIZazEHKbz/a6cFvmEiJEyzm/82dDw2TEQDmbp8h2EkXiLn8IqcoI9+VnzKtcnB+CptcUO49w==",
      "dev": true
    },
    "node_modules/@sonolus/generate-static": {
      "version": "5.4.5",
      "resolved": "https://registry.npmjs.org/@sonolus/generate-static/-/generate-static-5.4.5.tgz",
      "integrity": "sha512-mbA5xvvVaDF4vI/e2gapo0lUHa/QpEKu2l/SUG1pjEEPAdihwEjbXO7Kr8awDqGAzogDFMCRT2naqAyrTsLaug==",
      "dev": true,
      "dependencies": {
        "@sinclair/typebox": "^0.33.7",
        "@sonolus/core": "~7.9.0",
        "commander": "^12.1.0",
        "fs-extra": "^11.2.0"
      },
      "bin": {
        "sonolus-generate-static": "dist/index.js"
      }
    },
    "node_modules/@sonolus/pack": {
      "version": "5.4.5",
      "resolved": "https://registry.npmjs.org/@sonolus/pack/-/pack-5.4.5.tgz",
      "integrity": "sha512-Jaar8MyX4bNm5ZElMrJvHUOW7yLq2s0CS0GQTfCALGu5c+ZY7LELr+Yn8J9QvddPx24u9eCLlu+UUomCoAMOCg==",
      "dev": true,
      "dependencies": {
        "@sinclair/typebox": "^0.33.7",
        "@sonolus/core": "~7.9.0",
        "commander": "^12.1.0",
        "fs-extra": "^11.2.0"
      },
      "bin": {
        "sonolus-pack": "dist/index.js"
      }
    },
    "node_modules/commander": {
      "version": "12.1.0",
      "resolved": "https://registry.npmjs.org/commander/-/commander-12.1.0.tgz",
      "integrity": "sha512-Vw8qHK3bZM9y/P10u3Vib8o/DdkvA2OtPtZvD871QKjy74Wj1WSKFILMPRPSdUSx5RFK1arlJzEtA4PkFgnbuA==",
      "dev": true,
      "engines": {
        "node": ">=18"
      }
    },
    "node_modules/fs-extra": {
      "version": "11.2.0",
      "resolved": "https://registry.npmjs.org/fs-extra/-/fs-extra-11.2.0.tgz",
      "integrity": "sha512-PmDi3uwK5nFuXh7XDTlVnS17xJS7vW36is2+w3xcv8SVxiB4NyATf4ctkVY5bkSjX0Y4nbvZCq1/EjtEyr9ktw==",
      "dev": true,
      "dependencies": {
        "graceful-fs": "^4.2.0",
        "jsonfile": "^6.0.1",
        "universalify": "^2.0.0"
      },
      "engines": {
        "node": ">=14.14"
      }
    },
    "node_modules/graceful-fs": {
      "version": "4.2.11",
      "resolved": "https://registry.npmjs.org/graceful-fs/-/graceful-fs-4.2.11.tgz",
      "integrity": "sha512-RbJ5/jmFcNNCcDV5o9eTnBLJ/HszWV0P73bc+Ff4nS/rJj+YaS6IGyiOL0VoBYX+l1Wrl3k63h/KrH+nhJ0XvQ==",
      "dev": true
    },
    "node_modules/jsonfile": {
      "version": "6.1.0",
      "resolved": "https://registry.npmjs.org/jsonfile/-/jsonfile-6.1.0.tgz",
      "integrity": "sha512-5dgndWOriYSm5cnYaJNhalLNDKOqFwyDB/rr1E9ZsGciGvKPs8R2xYGCacuf3z6K1YKDz182fd+fY3cn3pMqXQ==",
      "dev": true,
      "dependencies": {
        "universalify": "^2.0.0"
      },
      "optionalDependencies": {
        "graceful-fs": "^4.1.6"
      }
    },
    "node_modules/universalify": {
      "version": "2.0.1",
      "resolved": "https://registry.npmjs.org/universalify/-/universalify-2.0.1.tgz",
      "integrity": "sha512-gptHNQghINnc/vTGIk0SOFGFNXw7JVrlRUtConJRlvaw6DuX0wO5Jeko9sWrMBhh+PsYAZ7oXAiOnf/UKogyiw==",
      "dev": true,
      "engines": {
        "node": ">= 10.0.0"
      }
    }
  }
}
