{
  "name": "@sonolus/free-pack",
  "version": "1.0.0",
  "lockfileVersion": 3,
  "requires": true,
  "packages": {
    "": {
      "name": "@sonolus/free-pack",
      "version": "1.0.0",
      "license": "MIT",
      "devDependencies": {
        "@sonolus/generate-static": "~5.4.0",
        "@sonolus/pack": "~5.4.0"
      }
    },
    "node_modules/@sonolus/core": {
      "version": "7.5.0",
      "resolved": "https://registry.npmjs.org/@sonolus/core/-/core-7.5.0.tgz",
      "integrity": "sha512-RYx3MXrY+6NlNiKVjrfHVDkMEP5vwtWlbhQzz0KPho2iv5SA58eYeMxiJL1hW0mcwCVtyPfaBD1wEwt8oeA8uQ==",
      "dev": true
    },
    "node_modules/@sonolus/generate-static": {
      "version": "5.4.0",
      "resolved": "https://registry.npmjs.org/@sonolus/generate-static/-/generate-static-5.4.0.tgz",
      "integrity": "sha512-Aqwvhv9HGYmUttT1HnC5qHXOh+lGX5kA8yL/18iBXD+rJXBLOR7Rg5lLc4YdNmhknh8T3snVpPZr7H+iUOICvg==",
      "dev": true,
      "dependencies": {
        "@sonolus/core": "~7.5.0",
        "commander": "^11.1.0",
        "fs-extra": "^11.1.1",
        "zod": "^3.22.4"
      },
      "bin": {
        "sonolus-generate-static": "dist/index.js"
      }
    },
    "node_modules/@sonolus/pack": {
      "version": "5.4.0",
      "resolved": "https://registry.npmjs.org/@sonolus/pack/-/pack-5.4.0.tgz",
      "integrity": "sha512-D2QURx9VJ91UY0fqxMYFRleXBSgk6SqSZSgoTDsl5lHISEMGQpWaD2VEFO8Dn4E1X5ntPKfgupbqZzt7Vnidpw==",
      "dev": true,
      "dependencies": {
        "@sonolus/core": "~7.5.0",
        "commander": "^11.1.0",
        "fs-extra": "^11.1.1",
        "zod": "^3.22.4"
      },
      "bin": {
        "sonolus-pack": "dist/index.js"
      }
    },
    "node_modules/commander": {
      "version": "11.1.0",
      "resolved": "https://registry.npmjs.org/commander/-/commander-11.1.0.tgz",
      "integrity": "sha512-yPVavfyCcRhmorC7rWlkHn15b4wDVgVmBA7kV4QVBsF7kv/9TKJAbAXVTxvTnwP8HHKjRCJDClKbciiYS7p0DQ==",
      "dev": true,
      "engines": {
        "node": ">=16"
      }
    },
    "node_modules/fs-extra": {
      "version": "11.2.0",
      "resolved": "https://registry.npmjs.org/fs-extra/-/fs-extra-11.2.0.tgz",
      "integrity": "sha512-PmDi3uwK5nFuXh7XDTlVnS17xJS7vW36is2+w3xcv8SVxiB4NyATf4ctkVY5bkSjX0Y4nbvZCq1/EjtEyr9ktw==",
      "dev": true,
      "dependencies": {
        "graceful-fs": "^4.2.0",
        "jsonfile": "^6.0.1",
        "universalify": "^2.0.0"
      },
      "engines": {
        "node": ">=14.14"
      }
    },
    "node_modules/graceful-fs": {
      "version": "4.2.11",
      "resolved": "https://registry.npmjs.org/graceful-fs/-/graceful-fs-4.2.11.tgz",
      "integrity": "sha512-RbJ5/jmFcNNCcDV5o9eTnBLJ/HszWV0P73bc+Ff4nS/rJj+YaS6IGyiOL0VoBYX+l1Wrl3k63h/KrH+nhJ0XvQ==",
      "dev": true
    },
    "node_modules/jsonfile": {
      "version": "6.1.0",
      "resolved": "https://registry.npmjs.org/jsonfile/-/jsonfile-6.1.0.tgz",
      "integrity": "sha512-5dgndWOriYSm5cnYaJNhalLNDKOqFwyDB/rr1E9ZsGciGvKPs8R2xYGCacuf3z6K1YKDz182fd+fY3cn3pMqXQ==",
      "dev": true,
      "dependencies": {
        "universalify": "^2.0.0"
      },
      "optionalDependencies": {
        "graceful-fs": "^4.1.6"
      }
    },
    "node_modules/universalify": {
      "version": "2.0.1",
      "resolved": "https://registry.npmjs.org/universalify/-/universalify-2.0.1.tgz",
      "integrity": "sha512-gptHNQghINnc/vTGIk0SOFGFNXw7JVrlRUtConJRlvaw6DuX0wO5Jeko9sWrMBhh+PsYAZ7oXAiOnf/UKogyiw==",
      "dev": true,
      "engines": {
        "node": ">= 10.0.0"
      }
    },
    "node_modules/zod": {
      "version": "3.22.4",
      "resolved": "https://registry.npmjs.org/zod/-/zod-3.22.4.tgz",
      "integrity": "sha512-iC+8Io04lddc+mVqQ9AZ7OQ2MrUKGN+oIQyq1vemgt46jwCwLfhq7/pwnBnNXXXZb8VTVLKwp9EDkx+ryxIWmg==",
      "dev": true,
      "funding": {
        "url": "https://github.com/sponsors/colinhacks"
      }
    }
  }
}
